<?xml version="1.0" encoding="utf-8"?>
<Project ToolsVersion="4.0" xmlns="http://schemas.microsoft.com/developer/msbuild/2003">
  <ItemGroup>
    <ClCompile Include="..\HARLEM\sources\dialogs_wx_1.cpp" />
    <ClCompile Include="..\HARLEM\sources\save_mol_file_dlg_base.cpp" />
    <ClCompile Include="..\HARLEM\sources\dialogs_wx_2.cpp" />
    <ClCompile Include="..\HARLEM\sources\dialogs_wx_3.cpp" />
    <ClCompile Include="..\HARLEM\sources\ha_wx_aux_1.cpp" />
    <ClCompile Include="..\HARLEM\sources\ha_wx_ed_wdr.cpp" />
    <ClCompile Include="..\HARLEM\sources\ha_wx_res_2_wdr.cpp" />
    <ClCompile Include="..\HARLEM\sources\ha_wx_res_mikola_wdr.cpp" />
    <ClCompile Include="..\HARLEM\sources\ha_wx_res_molflex_wdr.cpp" />
    <ClCompile Include="..\HARLEM\sources\ha_wx_res_wdr.cpp" />
    <ClCompile Include="..\HARLEM\sources\hamainframe_wx.cpp" />
    <ClCompile Include="..\HARLEM\sources\hawx_add.cpp" />
    <ClCompile Include="..\HARLEM\sources\mm_dialogs_wx.cpp" />
    <ClCompile Include="..\HARLEM\sources\qc_dialogs_wx.cpp" />
    <ClCompile Include="..\HARLEM\sources\wx_prot_redox_dlg.cpp" />
    <ClCompile Include="..\HARLEM\sources\wxMolED.cpp" />
    <ClCompile Include="..\HARLEM\sources\wxMolFlex.cpp" />
    <ClCompile Include="..\HARLEM\sources\wxpymod.cpp" />
    <ClCompile Include="..\HARLEM\sources\oglview.cpp" />
    <ClCompile Include="..\HARLEM\sources\hachart_wx.cpp" />
    <ClCompile Include="..\HARLEM\sources\edit_mut_map_dlg_wx.cpp" />
    <ClCompile Include="..\HARLEM\sources\hachart.cpp" />
    <ClCompile Include="obj\Release_x64\harlem_lib_vs\harlem_wrap.cpp" />
    <ClCompile Include="obj\Debug_x64\harlem_lib_vs\harlem_wrap.cpp" />
  </ItemGroup>
  <ItemGroup>
    <ClInclude Include="..\HARLEM\sources\ctrl_wx.h" />
    <ClInclude Include="..\HARLEM\sources\ha_file_dlg1.h" />
    <ClInclude Include="..\HARLEM\sources\dialogs_wx_1.h" />
    <ClInclude Include="..\HARLEM\sources\save_mol_file_dlg_base.h" />
    <ClInclude Include="..\HARLEM\sources\dialogs_wx_2.h" />
    <ClInclude Include="..\HARLEM\sources\dialogs_wx_3.h" />
    <ClInclude Include="..\HARLEM\sources\ha_wx_aux_1.h" />
    <ClInclude Include="..\HARLEM\sources\ha_wx_ed_wdr.h" />
    <ClInclude Include="..\HARLEM\sources\ha_wx_res_2_wdr.h" />
    <ClInclude Include="..\HARLEM\sources\ha_wx_res_mikola_wdr.h" />
    <ClInclude Include="..\HARLEM\sources\ha_wx_res_molflex_wdr.h" />
    <ClInclude Include="..\HARLEM\sources\ha_wx_res_wdr.h" />
    <ClInclude Include="..\HARLEM\sources\hamainframe_wx.h" />
    <ClInclude Include="..\HARLEM\sources\hawx_add.h" />
    <ClInclude Include="..\HARLEM\sources\mm_dialogs_wx.h" />
    <ClInclude Include="..\HARLEM\sources\qc_dialogs_wx.h" />
    <ClInclude Include="..\HARLEM\sources\wx_prot_redox_dlg.h" />
    <ClInclude Include="..\HARLEM\sources\wxMolED.h" />
    <ClInclude Include="..\HARLEM\sources\wxMolFlex.h" />
    <ClInclude Include="..\HARLEM\sources\wxpymod.h" />
    <ClInclude Include="..\HARLEM\sources\font.h" />
    <ClInclude Include="..\HARLEM\sources\oglview.h" />
    <ClInclude Include="..\HARLEM\sources\hachart.h" />
    <ClInclude Include="..\HARLEM\sources\hachart_wx.h" />
    <ClInclude Include="..\HARLEM\sources\edit_mut_map_dlg_wx.h" />
  </ItemGroup>
  <ItemGroup>
    <ResourceCompile Include="..\HARLEM\sources\harlemwin.rc" />
  </ItemGroup>
  <ItemGroup>
    <None Include="..\doc\INSTALL_harlem_1.txt" />
    <None Include="..\HARLEM\sources\ha_wx_ed.wdr" />
    <None Include="..\HARLEM\sources\ha_wx_res.wdr" />
    <None Include="..\HARLEM\sources\ha_wx_res_2.wdr" />
    <None Include="..\HARLEM\sources\ha_wx_res_2_wdr.xrc" />
    <None Include="..\HARLEM\sources\ha_wx_res_mikola.wdr" />
    <None Include="..\HARLEM\sources\ha_wx_res_molflex.wdr" />
    <None Include="..\HARLEM\sources\ha_wx_res_wdr.xrc" />
    <None Include="..\HARLEM\sources\save_mol_file_dlg.xrc" />
    <None Include="..\HARLEM\sources\save_mol_file_dlg.fbp" />
    <None Include="..\HARLEM\sources\harlemwin.hlp" />
    <None Include="..\HARLEM\sources\harlem_i.ico" />
    <None Include="..\HARLEM\sources\osgview.i" />
    <None Include="..\doc\DEVELOP_NOTES\iterators_1.txt" />
    <None Include="..\HARLEM\molset\__init__.py" />
    <None Include="copy_dependencies_harlem.bat" />
  </ItemGroup>
  <ItemGroup>
    <CustomBuild Include="..\HARLEM\sources\harlem.i" />
  </ItemGroup>
  <ItemGroup>
    <Image Include="..\HARLEM\sources\colours.bmp" />
  </ItemGroup>
</Project>