<?xml version="1.0" encoding="utf-8"?>
<Project ToolsVersion="4.0" xmlns="http://schemas.microsoft.com/developer/msbuild/2003">
  <ItemGroup>
    <ClCompile Include="..\HARLEM\sources\hacompmod.cpp" />
    <ClCompile Include="..\HARLEM\sources\apbsmod.cpp" />
    <ClCompile Include="..\HARLEM\sources\electrostmod.cpp" />
    <ClCompile Include="..\HARLEM\sources\elmod.cpp" />
    <ClCompile Include="..\HARLEM\sources\etcoupl.cpp" />
    <ClCompile Include="..\HARLEM\sources\gaufile.cpp" />
    <ClCompile Include="..\HARLEM\sources\haatbasdb.cpp" />
    <ClCompile Include="..\HARLEM\sources\haatombasis.cpp" />
    <ClCompile Include="..\HARLEM\sources\hacoord.cpp" />
    <ClCompile Include="..\HARLEM\sources\hadalton.cpp" />
    <ClCompile Include="..\HARLEM\sources\hagaussian.cpp" />
    <ClCompile Include="..\HARLEM\sources\haintengine.cpp" />
    <ClCompile Include="..\HARLEM\sources\halocorb.cpp" />
    <ClCompile Include="..\HARLEM\sources\hamultipole.cpp" />
    <ClCompile Include="..\HARLEM\sources\hapseudopot.cpp" />
    <ClCompile Include="..\HARLEM\sources\haqchem.cpp" />
    <ClCompile Include="..\HARLEM\sources\hascattermod.cpp" />
    <ClCompile Include="..\HARLEM\sources\hazindo.cpp" />
    <ClCompile Include="..\HARLEM\sources\mm_driver_gromacs.cpp" />
    <ClCompile Include="..\HARLEM\sources\ndo.cpp" />
    <ClCompile Include="..\HARLEM\sources\qc_params.cpp" />
    <ClCompile Include="..\HARLEM\sources\protonredox.cpp" />
    <ClCompile Include="..\HARLEM\sources\haflexmod.cpp" />
    <ClCompile Include="..\HARLEM\sources\haintermol.cpp" />
    <ClCompile Include="..\HARLEM\sources\halocexcit.cpp" />
    <ClCompile Include="..\HARLEM\sources\harpaham.cpp" />
    <ClCompile Include="..\HARLEM\sources\harpavec.cpp" />
    <ClCompile Include="..\HARLEM\sources\nuclacidmod.cpp" />
    <ClCompile Include="..\HARLEM\sources\stmmod.cpp" />
    <ClCompile Include="..\HARLEM\sources\haempirical.cpp" />
    <ClCompile Include="..\HARLEM\sources\hasimulator.cpp" />
    <ClCompile Include="..\HARLEM\sources\trajanal.cpp" />
    <ClCompile Include="..\HARLEM\sources\ha_mort_mm.cpp" />
    <ClCompile Include="..\HARLEM\sources\hamolmech.cpp" />
    <ClCompile Include="..\HARLEM\sources\haresdb.cpp" />
    <ClCompile Include="..\HARLEM\sources\mm_driver_amber.cpp" />
    <ClCompile Include="..\HARLEM\sources\mm_driver_tinker.cpp" />
    <ClCompile Include="..\HARLEM\sources\mm_elements.cpp" />
    <ClCompile Include="..\HARLEM\sources\mm_force_field.cpp" />
    <ClCompile Include="..\HARLEM\sources\mm_model.cpp" />
    <ClCompile Include="..\HARLEM\sources\mm_params.cpp" />
    <ClCompile Include="..\HARLEM\sources\mm_traj_anal.cpp" />
    <ClCompile Include="..\HARLEM\sources\haproteined.cpp" />
    <ClCompile Include="..\HARLEM\sources\atom_mapping.cpp" />
    <ClCompile Include="..\HARLEM\sources\ha_mort_mol.cpp" />
    <ClCompile Include="..\HARLEM\sources\haatgroup.cpp" />
    <ClCompile Include="..\HARLEM\sources\haatom.cpp" />
    <ClCompile Include="..\HARLEM\sources\habond.cpp" />
    <ClCompile Include="..\HARLEM\sources\hahbhp.cpp" />
    <ClCompile Include="..\HARLEM\sources\haintcrd.cpp" />
    <ClCompile Include="..\HARLEM\sources\hamolecule.cpp" />
    <ClCompile Include="..\HARLEM\sources\hamolset.cpp" />
    <ClCompile Include="..\HARLEM\sources\infile.cpp" />
    <ClCompile Include="..\HARLEM\sources\moleditor.cpp" />
    <ClCompile Include="..\HARLEM\sources\rigidbodycoord.cpp" />
    <ClCompile Include="..\HARLEM\sources\vec3d.cpp" />
    <ClCompile Include="..\HARLEM\sources\haio.cpp" />
    <ClCompile Include="..\HARLEM\sources\hastl.cpp" />
    <ClCompile Include="..\HARLEM\sources\hastring.cpp" />
    <ClCompile Include="..\HARLEM\sources\hatypes.cpp" />
    <ClCompile Include="..\HARLEM\sources\manual.cpp" />
    <ClCompile Include="..\HARLEM\sources\dialogs_wx_1.cpp" />
    <ClCompile Include="..\HARLEM\sources\dialogs_wx_2.cpp" />
    <ClCompile Include="..\HARLEM\sources\ha_wx_aux_1.cpp" />
    <ClCompile Include="..\HARLEM\sources\ha_wx_ed_wdr.cpp" />
    <ClCompile Include="..\HARLEM\sources\ha_wx_res_2_wdr.cpp" />
    <ClCompile Include="..\HARLEM\sources\ha_wx_res_mikola_wdr.cpp" />
    <ClCompile Include="..\HARLEM\sources\ha_wx_res_molflex_wdr.cpp" />
    <ClCompile Include="..\HARLEM\sources\ha_wx_res_wdr.cpp" />
    <ClCompile Include="..\HARLEM\sources\hamainframe_wx.cpp" />
    <ClCompile Include="..\HARLEM\sources\hawx_add.cpp" />
    <ClCompile Include="..\HARLEM\sources\mm_dialogs_wx.cpp" />
    <ClCompile Include="..\HARLEM\sources\qc_dialogs_wx.cpp" />
    <ClCompile Include="..\HARLEM\sources\wx_prot_redox_dlg.cpp" />
    <ClCompile Include="..\HARLEM\sources\wxMolED.cpp" />
    <ClCompile Include="..\HARLEM\sources\wxMolFlex.cpp" />
    <ClCompile Include="..\HARLEM\sources\wxpymod.cpp" />
    <ClCompile Include="..\HARLEM\sources\canvas3d.cpp" />
    <ClCompile Include="..\HARLEM\sources\hacolors.cpp" />
    <ClCompile Include="..\HARLEM\sources\hamolview.cpp" />
    <ClCompile Include="..\HARLEM\sources\object3d.cpp" />
    <ClCompile Include="..\HARLEM\sources\oglview.cpp" />
    <ClCompile Include="..\HARLEM\sources\outfile.cpp" />
    <ClCompile Include="..\HARLEM\sources\repres.cpp" />
    <ClCompile Include="..\HARLEM\sources\transfor.cpp" />
    <ClCompile Include="..\HARLEM\sources\hachart.cpp" />
    <ClCompile Include="..\HARLEM\sources\hachart_wx.cpp" />
    <ClCompile Include="..\HARLEM\sources\abstree.cpp" />
    <ClCompile Include="..\HARLEM\sources\command.cpp" />
    <ClCompile Include="..\HARLEM\sources\script.cpp" />
    <ClCompile Include="..\HARLEM\sources\hampi.cpp" />
    <ClCompile Include="..\HARLEM\sources\harlemapp.cpp" />
    <ClCompile Include="..\HARLEM\sources\hasvnrev.cpp" />
    <ClCompile Include="..\HARLEM\sources\fminbr.cpp" />
    <ClCompile Include="..\HARLEM\sources\gmathc.c" />
    <ClCompile Include="..\HARLEM\sources\halinalg.cpp" />
    <ClCompile Include="..\HARLEM\sources\hamatdb.cpp" />
    <ClCompile Include="..\HARLEM\sources\hasurface.cpp" />
    <ClCompile Include="..\HARLEM\sources\march_cube.cpp" />
    <ClCompile Include="..\HARLEM\sources\hatests.cpp" />
    <ClCompile Include="..\HARLEM\sources\tinyxml.cpp" />
    <ClCompile Include="..\HARLEM\sources\tinyxmlerror.cpp" />
    <ClCompile Include="..\HARLEM\sources\tinyxmlparser.cpp" />
    <ClCompile Include="..\HARLEM\sources\haxml.cpp" />
    <ClCompile Include="..\HARLEM\sources\haconsts.cpp" />
    <ClCompile Include="..\HARLEM\sources\haobject.cpp" />
    <ClCompile Include="obj\Debug_x64\harlem_lib_vs\hamolset_wrap.cpp" />
    <ClCompile Include="obj\Release_x64\harlem_lib_vs\hamolset_wrap.cpp" />
    <ClCompile Include="..\HARLEM\sources\edit_mut_map_dlg_wx.cpp" />
    <ClCompile Include="..\HARLEM\sources\mm_driver_arbalest.cpp" />
  </ItemGroup>
  <ItemGroup>
    <ClInclude Include="..\HARLEM\sources\FCMangle.h" />
    <ClInclude Include="..\HARLEM\sources\hacompmod.h" />
    <ClInclude Include="..\HARLEM\sources\apbsmod.h" />
    <ClInclude Include="..\HARLEM\sources\electrostmod.h" />
    <ClInclude Include="..\HARLEM\sources\elmod.h" />
    <ClInclude Include="..\HARLEM\sources\etcoupl.h" />
    <ClInclude Include="..\HARLEM\sources\g94_globals.h" />
    <ClInclude Include="..\HARLEM\sources\g94_protos.h" />
    <ClInclude Include="..\HARLEM\sources\gaufile.h" />
    <ClInclude Include="..\HARLEM\sources\haatbasdb.h" />
    <ClInclude Include="..\HARLEM\sources\haatombasis.h" />
    <ClInclude Include="..\HARLEM\sources\hadalton.h" />
    <ClInclude Include="..\HARLEM\sources\hagaussian.h" />
    <ClInclude Include="..\HARLEM\sources\haintengine.h" />
    <ClInclude Include="..\HARLEM\sources\halocorb.h" />
    <ClInclude Include="..\HARLEM\sources\hamultipole.h" />
    <ClInclude Include="..\HARLEM\sources\hapseudopot.h" />
    <ClInclude Include="..\HARLEM\sources\haqchem.h" />
    <ClInclude Include="..\HARLEM\sources\hascattermod.h" />
    <ClInclude Include="..\HARLEM\sources\hazindo.h" />
    <ClInclude Include="..\HARLEM\sources\mm_driver_gromacs.h" />
    <ClInclude Include="..\HARLEM\sources\qc_params.h" />
    <ClInclude Include="..\HARLEM\sources\protonredox.h" />
    <ClInclude Include="..\HARLEM\sources\haflexmod.h" />
    <ClInclude Include="..\HARLEM\sources\haintermol.h" />
    <ClInclude Include="..\HARLEM\sources\halocexcit.h" />
    <ClInclude Include="..\HARLEM\sources\harpaham.h" />
    <ClInclude Include="..\HARLEM\sources\harpavec.h" />
    <ClInclude Include="..\HARLEM\sources\nuclacidmod.h" />
    <ClInclude Include="..\HARLEM\sources\stmmod.h" />
    <ClInclude Include="..\HARLEM\sources\haempirical.h" />
    <ClInclude Include="..\HARLEM\sources\haenefunc.h" />
    <ClInclude Include="..\HARLEM\sources\hasimulator.h" />
    <ClInclude Include="..\HARLEM\sources\trajanal.h" />
    <ClInclude Include="..\HARLEM\sources\ha_mort_mm.h" />
    <ClInclude Include="..\HARLEM\sources\hamolmech.h" />
    <ClInclude Include="..\HARLEM\sources\haresdb.h" />
    <ClInclude Include="..\HARLEM\sources\mm_driver_amber.h" />
    <ClInclude Include="..\HARLEM\sources\mm_driver_tinker.h" />
    <ClInclude Include="..\HARLEM\sources\mm_elements.h" />
    <ClInclude Include="..\HARLEM\sources\mm_force_field.h" />
    <ClInclude Include="..\HARLEM\sources\mm_model.h" />
    <ClInclude Include="..\HARLEM\sources\mm_params.h" />
    <ClInclude Include="..\HARLEM\sources\mm_traj_anal.h" />
    <ClInclude Include="..\HARLEM\sources\haproteined.h" />
    <ClInclude Include="..\HARLEM\sources\atom_mapping.h" />
    <ClInclude Include="..\HARLEM\sources\haatgroup.h" />
    <ClInclude Include="..\HARLEM\sources\haatom.h" />
    <ClInclude Include="..\HARLEM\sources\habond.h" />
    <ClInclude Include="..\HARLEM\sources\hacoord.h" />
    <ClInclude Include="..\HARLEM\sources\hahbhp.h" />
    <ClInclude Include="..\HARLEM\sources\haintcrd.h" />
    <ClInclude Include="..\HARLEM\sources\hamolecule.h" />
    <ClInclude Include="..\HARLEM\sources\hamolset.h" />
    <ClInclude Include="..\HARLEM\sources\moleditor.h" />
    <ClInclude Include="..\HARLEM\sources\rigidbodycoord.h" />
    <ClInclude Include="..\HARLEM\sources\vec3d.h" />
    <ClInclude Include="..\HARLEM\sources\builtin.h" />
    <ClInclude Include="..\HARLEM\sources\f2c.h" />
    <ClInclude Include="..\HARLEM\sources\haconst.h" />
    <ClInclude Include="..\HARLEM\sources\haio.h" />
    <ClInclude Include="..\HARLEM\sources\hastl.h" />
    <ClInclude Include="..\HARLEM\sources\hastring.h" />
    <ClInclude Include="..\HARLEM\sources\hatypes.h" />
    <ClInclude Include="..\HARLEM\sources\rapidxml.hpp" />
    <ClInclude Include="..\HARLEM\sources\rapidxml_iterators.hpp" />
    <ClInclude Include="..\HARLEM\sources\rapidxml_print.hpp" />
    <ClInclude Include="..\HARLEM\sources\rapidxml_utils.hpp" />
    <ClInclude Include="..\HARLEM\sources\ctrl_wx.h" />
    <ClInclude Include="..\HARLEM\sources\dialogs_wx_1.h" />
    <ClInclude Include="..\HARLEM\sources\dialogs_wx_2.h" />
    <ClInclude Include="..\HARLEM\sources\ha_wx_aux_1.h" />
    <ClInclude Include="..\HARLEM\sources\ha_wx_ed_wdr.h" />
    <ClInclude Include="..\HARLEM\sources\ha_wx_res_2_wdr.h" />
    <ClInclude Include="..\HARLEM\sources\ha_wx_res_mikola_wdr.h" />
    <ClInclude Include="..\HARLEM\sources\ha_wx_res_molflex_wdr.h" />
    <ClInclude Include="..\HARLEM\sources\ha_wx_res_wdr.h" />
    <ClInclude Include="..\HARLEM\sources\hamainframe_wx.h" />
    <ClInclude Include="..\HARLEM\sources\hawx_add.h" />
    <ClInclude Include="..\HARLEM\sources\mm_dialogs_wx.h" />
    <ClInclude Include="..\HARLEM\sources\qc_dialogs_wx.h" />
    <ClInclude Include="..\HARLEM\sources\wx_prot_redox_dlg.h" />
    <ClInclude Include="..\HARLEM\sources\wxMolED.h" />
    <ClInclude Include="..\HARLEM\sources\wxMolFlex.h" />
    <ClInclude Include="..\HARLEM\sources\wxpymod.h" />
    <ClInclude Include="..\HARLEM\sources\canvas3d.h" />
    <ClInclude Include="..\HARLEM\sources\font.h" />
    <ClInclude Include="..\HARLEM\sources\hamolview.h" />
    <ClInclude Include="..\HARLEM\sources\object3d.h" />
    <ClInclude Include="..\HARLEM\sources\oglview.h" />
    <ClInclude Include="..\HARLEM\sources\hachart.h" />
    <ClInclude Include="..\HARLEM\sources\hachart_wx.h" />
    <ClInclude Include="..\HARLEM\sources\abstree.h" />
    <ClInclude Include="..\HARLEM\sources\command.h" />
    <ClInclude Include="..\HARLEM\sources\tokens.h" />
    <ClInclude Include="..\HARLEM\sources\hampi.h" />
    <ClInclude Include="..\HARLEM\sources\harlemapp.h" />
    <ClInclude Include="..\HARLEM\sources\hasvnrev.h" />
    <ClInclude Include="..\HARLEM\sources\cg_sngl.h" />
    <ClInclude Include="..\HARLEM\sources\fmat.h" />
    <ClInclude Include="..\HARLEM\sources\halinalg.h" />
    <ClInclude Include="..\HARLEM\sources\hamatdb.h" />
    <ClInclude Include="..\HARLEM\sources\index.h" />
    <ClInclude Include="..\HARLEM\sources\math_num.h" />
    <ClInclude Include="..\HARLEM\sources\region2d.h" />
    <ClInclude Include="..\HARLEM\sources\vec.h" />
    <ClInclude Include="..\HARLEM\sources\etablep.h" />
    <ClInclude Include="..\HARLEM\sources\hasurface.h" />
    <ClInclude Include="..\HARLEM\sources\hatests.h" />
    <ClInclude Include="..\HARLEM\sources\tinyxml.h" />
    <ClInclude Include="..\HARLEM\sources\haxml.h" />
    <ClInclude Include="..\HARLEM\sources\haconsts.h" />
    <ClInclude Include="..\HARLEM\sources\haobject.h" />
    <ClInclude Include="..\HARLEM\sources\edit_mut_map_dlg_wx.h" />
    <ClInclude Include="..\HARLEM\sources\mm_driver_arbalest.h" />
  </ItemGroup>
  <ItemGroup>
    <CustomBuild Include="..\HARLEM\sources\hamolset.i" />
  </ItemGroup>
  <ItemGroup>
    <ResourceCompile Include="..\HARLEM\sources\harlemwin.rc" />
  </ItemGroup>
  <ItemGroup>
    <None Include="..\doc\DEVELOP_NOTES\induced_dipoles_in_pmemd.txt" />
    <None Include="..\doc\DEVELOP_NOTES\recip_space_amoeba_func.txt" />
    <None Include="..\doc\DEVELOP_NOTES\nonb_inter_amoeba.txt" />
    <None Include="..\doc\INSTALL_harlem_1.txt" />
    <None Include="..\HARLEM\sources\rasmol.hlp" />
    <None Include="..\HARLEM\sources\ha_wx_ed.wdr" />
    <None Include="..\HARLEM\sources\ha_wx_res.wdr" />
    <None Include="..\HARLEM\sources\ha_wx_res_2.wdr" />
    <None Include="..\HARLEM\sources\ha_wx_res_2_wdr.xrc" />
    <None Include="..\HARLEM\sources\ha_wx_res_mikola.wdr" />
    <None Include="..\HARLEM\sources\ha_wx_res_molflex.wdr" />
    <None Include="..\HARLEM\sources\ha_wx_res_wdr.xrc" />
    <None Include="..\HARLEM\sources\harlemwin.hlp" />
    <None Include="..\HARLEM\sources\harlem_i.ico" />
    <None Include="..\HARLEM\sources\osgview.i" />
    <None Include="..\doc\DEVELOP_NOTES\amoeba_func.txt" />
    <None Include="..\doc\DEVELOP_NOTES\iterators_1.txt" />
    <None Include="..\doc\DEVELOP_NOTES\thole_coef.txt" />
    <None Include="clean.bat" />
    <None Include="copy_dependencies.bat" />
    <None Include="..\HARLEM\molset\__init__.py" />
  </ItemGroup>
</Project>