<?xml version="1.0" encoding="utf-8"?>
<Project ToolsVersion="4.0" xmlns="http://schemas.microsoft.com/developer/msbuild/2003">
  <ItemGroup>
    <ClCompile Include="..\PNPS\src\buildworldni.cpp" />
    <ClCompile Include="..\PNPS\src\contworld.cpp" />
    <ClCompile Include="obj\Debug_Win32\pnplib_vs\pnpsll_wrap.cpp" />
    <ClCompile Include="obj\PY3_Debug_Win32\pnplib_vs\pnpsll_wrap.cpp" />
    <ClCompile Include="obj\PY3_Debug_x64\pnplib_vs\pnpsll_wrap.cpp" />
    <ClCompile Include="obj\PY3_Release_Win32\pnplib_vs\pnpsll_wrap.cpp" />
    <ClCompile Include="obj\PY3_Release_x64\pnplib_vs\pnpsll_wrap.cpp" />
    <ClCompile Include="obj\Release_Win32\pnplib_vs\pnpsll_wrap.cpp" />
    <ClCompile Include="..\PNPS\src\mapio.cpp" />
    <ClCompile Include="..\PNPS\src\nernstplanksolver.cpp" />
    <ClCompile Include="..\PNPS\src\pbwithljsolver.cpp" />
    <ClCompile Include="..\PNPS\src\pnpinterfaces.cpp" />
    <ClCompile Include="..\PNPS\src\pnps.cpp" />
    <ClCompile Include="..\PNPS\src\pnpsapp.cpp" />
    <ClCompile Include="..\PNPS\src\pnpstructs.cpp" />
    <ClCompile Include="..\PNPS\src\pnputil.cpp" />
    <ClCompile Include="..\PNPS\src\poissonboltzmannsolver.cpp" />
    <ClCompile Include="..\PNPS\src\poissonnernstplancksolver.cpp" />
    <ClCompile Include="..\PNPS\src\poissonsolver.cpp" />
    <ClCompile Include="..\PNPS\src\sissgausps.cpp" />
    <ClCompile Include="..\PNPS\tinyxml\tinyxml.cpp" />
    <ClCompile Include="..\PNPS\tinyxml\tinyxmlerror.cpp" />
    <ClCompile Include="..\PNPS\tinyxml\tinyxmlparser.cpp" />
  </ItemGroup>
  <ItemGroup>
    <ClInclude Include="..\PNPS\src\buildworldni.h" />
    <ClInclude Include="..\PNPS\src\contworld.h" />
    <ClInclude Include="..\PNPS\src\mapio.h" />
    <ClInclude Include="..\PNPS\src\nernstplanksolver.h" />
    <ClInclude Include="..\PNPS\src\pbwithljsolver.h" />
    <ClInclude Include="..\PNPS\src\pnpconfig.h" />
    <ClInclude Include="..\PNPS\src\pnpconstants.h" />
    <ClInclude Include="..\PNPS\src\pnpdebug.h" />
    <ClInclude Include="..\PNPS\src\pnpinterfaces.h" />
    <ClInclude Include="..\PNPS\src\pnps.h" />
    <ClInclude Include="..\PNPS\src\pnpsapp.h" />
    <ClInclude Include="..\PNPS\src\pnpstructs.h" />
    <ClInclude Include="..\PNPS\src\pnputil.h" />
    <ClInclude Include="..\PNPS\src\poissonboltzmannsolver.h" />
    <ClInclude Include="..\PNPS\src\poissonnernstplancksolver.h" />
    <ClInclude Include="..\PNPS\src\poissonsolver.h" />
    <ClInclude Include="..\PNPS\src\sissgausps.h" />
    <ClInclude Include="..\PNPS\tinyxml\tinyxml.h" />
  </ItemGroup>
  <ItemGroup>
    <CustomBuild Include="..\PNPS\src\pnpsll.i" />
  </ItemGroup>
  <ItemGroup>
    <Filter Include="pnps">
      <UniqueIdentifier>{fe3a8f36-b01d-42a2-a344-a395fe40bece}</UniqueIdentifier>
    </Filter>
    <Filter Include="pnpsgui">
      <UniqueIdentifier>{e0ce2d6b-c793-4295-a6db-d56fedd70273}</UniqueIdentifier>
    </Filter>
  </ItemGroup>
  <ItemGroup>
    <None Include="..\PNPS\pnps\__init__.py">
      <Filter>pnps</Filter>
    </None>
    <None Include="..\PNPS\pnpsgui\__init__.py">
      <Filter>pnpsgui</Filter>
    </None>
    <None Include="..\PNPS\pnpsgui\__main__.py">
      <Filter>pnpsgui</Filter>
    </None>
    <None Include="..\PNPS\pnpsgui\atom_params_panel.py">
      <Filter>pnpsgui</Filter>
    </None>
    <None Include="..\PNPS\pnpsgui\create_map_panel.py">
      <Filter>pnpsgui</Filter>
    </None>
    <None Include="..\PNPS\pnpsgui\pbsr_panel.py">
      <Filter>pnpsgui</Filter>
    </None>
    <None Include="..\PNPS\pnpsgui\pnpgui_wdr.py">
      <Filter>pnpsgui</Filter>
    </None>
    <None Include="..\PNPS\pnpsgui\pnpsbasepanel.py">
      <Filter>pnpsgui</Filter>
    </None>
    <None Include="..\PNPS\pnpsgui\pnpsgui.py">
      <Filter>pnpsgui</Filter>
    </None>
    <None Include="..\PNPS\pnpsgui\QR_AMBER.py">
      <Filter>pnpsgui</Filter>
    </None>
    <None Include="..\PNPS\pnpsgui\QR_CHARMM.py">
      <Filter>pnpsgui</Filter>
    </None>
    <None Include="..\PNPS\pnpsgui\QR_OPLS88.py">
      <Filter>pnpsgui</Filter>
    </None>
    <None Include="..\PNPS\pnpsgui\QR_PARSE94.py">
      <Filter>pnpsgui</Filter>
    </None>
    <None Include="..\PNPS\pnpsgui\QR_SAMPLE.py">
      <Filter>pnpsgui</Filter>
    </None>
    <None Include="..\PNPS\pnpsgui\utils.py">
      <Filter>pnpsgui</Filter>
    </None>
  </ItemGroup>
</Project>